
Microsoft Visual Studio Solution File, Format Version 12.00
# Visual Studio Version 16
VisualStudioVersion = 16.0.30128.74
MinimumVisualStudioVersion = 10.0.40219.1
Project("{FAE04EC0-301F-11D3-BF4B-00C04F79EFBC}") = "Parcial1-Ap2-Garcia", "Parcial1-Ap2-Garcia.csproj", "{C99DC2F5-562D-4B90-A48C-2AE458F076BE}"
EndProject
Global
	GlobalSection(SolutionConfigurationPlatforms) = preSolution
		Debug|Any CPU = Debug|Any CPU
		Release|Any CPU = Release|Any CPU
	EndGlobalSection
	GlobalSection(ProjectConfigurationPlatforms) = postSolution
		{C99DC2F5-562D-4B90-A48C-2AE458F076BE}.Debug|Any CPU.ActiveCfg = Debug|Any CPU
		{C99DC2F5-562D-4B90-A48C-2AE458F076BE}.Debug|Any CPU.Build.0 = Debug|Any CPU
		{C99DC2F5-562D-4B90-A48C-2AE458F076BE}.Release|Any CPU.ActiveCfg = Release|Any CPU
		{C99DC2F5-562D-4B90-A48C-2AE458F076BE}.Release|Any CPU.Build.0 = Release|Any CPU
	EndGlobalSection
	GlobalSection(SolutionProperties) = preSolution
		HideSolutionNode = FALSE
	EndGlobalSection
	GlobalSection(ExtensibilityGlobals) = postSolution
		SolutionGuid = {09606FA8-AF43-4B33-BA2B-E2BF377E805C}
	EndGlobalSection
EndGlobal
